
Microsoft Visual Studio Solution File, Format Version 12.00
# Visual Studio 15
Project("{FAE04EC0-301F-11D3-BF4B-00C04F79EFBC}") = "ShookModel", "ShookModel\ShookModel.csproj", "{E76B7981-1658-4EF8-9768-4FBF42D49AD2}"
EndProject
Project("{FAE04EC0-301F-11D3-BF4B-00C04F79EFBC}") = "ShookRest", "ShookRest\ShookRest.csproj", "{B21315A9-94DA-4AC3-A79A-4429BB31027F}"
EndProject
Project("{FAE04EC0-301F-11D3-BF4B-00C04F79EFBC}") = "ShookMobile.Android", "ShookMobile.Android\ShookMobile.Android.csproj", "{1A8FC969-2138-4396-B307-94181C5B0736}"
EndProject
Project("{FAE04EC0-301F-11D3-BF4B-00C04F79EFBC}") = "ShookMobile.iOS", "ShookMobile.iOS\ShookMobile.iOS.csproj", "{DEF8BD82-3067-4C75-90C4-BC8A2F65BBAD}"
EndProject
Project("{FAE04EC0-301F-11D3-BF4B-00C04F79EFBC}") = "ShookMobile", "ShookMobile\ShookMobile.csproj", "{BC5E8402-F03D-4AD0-819F-E1080764D7FC}"
EndProject
Global
	GlobalSection(SolutionConfigurationPlatforms) = preSolution
		Debug|Any CPU = Debug|Any CPU
		Release|Any CPU = Release|Any CPU
		Debug|iPhoneSimulator = Debug|iPhoneSimulator
		Release|iPhoneSimulator = Release|iPhoneSimulator
		Debug|iPhone = Debug|iPhone
		Release|iPhone = Release|iPhone
	EndGlobalSection
	GlobalSection(ProjectConfigurationPlatforms) = postSolution
		{E76B7981-1658-4EF8-9768-4FBF42D49AD2}.Debug|Any CPU.ActiveCfg = Debug|Any CPU
		{E76B7981-1658-4EF8-9768-4FBF42D49AD2}.Debug|Any CPU.Build.0 = Debug|Any CPU
		{E76B7981-1658-4EF8-9768-4FBF42D49AD2}.Release|Any CPU.ActiveCfg = Release|Any CPU
		{E76B7981-1658-4EF8-9768-4FBF42D49AD2}.Release|Any CPU.Build.0 = Release|Any CPU
		{E76B7981-1658-4EF8-9768-4FBF42D49AD2}.Debug|iPhoneSimulator.ActiveCfg = Debug|Any CPU
		{E76B7981-1658-4EF8-9768-4FBF42D49AD2}.Debug|iPhoneSimulator.Build.0 = Debug|Any CPU
		{E76B7981-1658-4EF8-9768-4FBF42D49AD2}.Release|iPhoneSimulator.ActiveCfg = Release|Any CPU
		{E76B7981-1658-4EF8-9768-4FBF42D49AD2}.Release|iPhoneSimulator.Build.0 = Release|Any CPU
		{E76B7981-1658-4EF8-9768-4FBF42D49AD2}.Debug|iPhone.ActiveCfg = Debug|Any CPU
		{E76B7981-1658-4EF8-9768-4FBF42D49AD2}.Debug|iPhone.Build.0 = Debug|Any CPU
		{E76B7981-1658-4EF8-9768-4FBF42D49AD2}.Release|iPhone.ActiveCfg = Release|Any CPU
		{E76B7981-1658-4EF8-9768-4FBF42D49AD2}.Release|iPhone.Build.0 = Release|Any CPU
		{B21315A9-94DA-4AC3-A79A-4429BB31027F}.Debug|Any CPU.ActiveCfg = Debug|Any CPU
		{B21315A9-94DA-4AC3-A79A-4429BB31027F}.Debug|Any CPU.Build.0 = Debug|Any CPU
		{B21315A9-94DA-4AC3-A79A-4429BB31027F}.Release|Any CPU.ActiveCfg = Release|Any CPU
		{B21315A9-94DA-4AC3-A79A-4429BB31027F}.Release|Any CPU.Build.0 = Release|Any CPU
		{B21315A9-94DA-4AC3-A79A-4429BB31027F}.Debug|iPhoneSimulator.ActiveCfg = Debug|Any CPU
		{B21315A9-94DA-4AC3-A79A-4429BB31027F}.Debug|iPhoneSimulator.Build.0 = Debug|Any CPU
		{B21315A9-94DA-4AC3-A79A-4429BB31027F}.Release|iPhoneSimulator.ActiveCfg = Release|Any CPU
		{B21315A9-94DA-4AC3-A79A-4429BB31027F}.Release|iPhoneSimulator.Build.0 = Release|Any CPU
		{B21315A9-94DA-4AC3-A79A-4429BB31027F}.Debug|iPhone.ActiveCfg = Debug|Any CPU
		{B21315A9-94DA-4AC3-A79A-4429BB31027F}.Debug|iPhone.Build.0 = Debug|Any CPU
		{B21315A9-94DA-4AC3-A79A-4429BB31027F}.Release|iPhone.ActiveCfg = Release|Any CPU
		{B21315A9-94DA-4AC3-A79A-4429BB31027F}.Release|iPhone.Build.0 = Release|Any CPU
		{1A8FC969-2138-4396-B307-94181C5B0736}.Debug|Any CPU.ActiveCfg = Debug|Any CPU
		{1A8FC969-2138-4396-B307-94181C5B0736}.Debug|Any CPU.Build.0 = Debug|Any CPU
		{1A8FC969-2138-4396-B307-94181C5B0736}.Release|Any CPU.ActiveCfg = Release|Any CPU
		{1A8FC969-2138-4396-B307-94181C5B0736}.Release|Any CPU.Build.0 = Release|Any CPU
		{1A8FC969-2138-4396-B307-94181C5B0736}.Debug|iPhoneSimulator.ActiveCfg = Debug|Any CPU
		{1A8FC969-2138-4396-B307-94181C5B0736}.Debug|iPhoneSimulator.Build.0 = Debug|Any CPU
		{1A8FC969-2138-4396-B307-94181C5B0736}.Release|iPhoneSimulator.ActiveCfg = Release|Any CPU
		{1A8FC969-2138-4396-B307-94181C5B0736}.Release|iPhoneSimulator.Build.0 = Release|Any CPU
		{1A8FC969-2138-4396-B307-94181C5B0736}.Debug|iPhone.ActiveCfg = Debug|Any CPU
		{1A8FC969-2138-4396-B307-94181C5B0736}.Debug|iPhone.Build.0 = Debug|Any CPU
		{1A8FC969-2138-4396-B307-94181C5B0736}.Release|iPhone.ActiveCfg = Release|Any CPU
		{1A8FC969-2138-4396-B307-94181C5B0736}.Release|iPhone.Build.0 = Release|Any CPU
		{DEF8BD82-3067-4C75-90C4-BC8A2F65BBAD}.Debug|Any CPU.ActiveCfg = Debug|iPhoneSimulator
		{DEF8BD82-3067-4C75-90C4-BC8A2F65BBAD}.Debug|Any CPU.Build.0 = Debug|iPhoneSimulator
		{DEF8BD82-3067-4C75-90C4-BC8A2F65BBAD}.Release|Any CPU.ActiveCfg = Release|iPhoneSimulator
		{DEF8BD82-3067-4C75-90C4-BC8A2F65BBAD}.Release|Any CPU.Build.0 = Release|iPhoneSimulator
		{DEF8BD82-3067-4C75-90C4-BC8A2F65BBAD}.Debug|iPhoneSimulator.ActiveCfg = Debug|iPhoneSimulator
		{DEF8BD82-3067-4C75-90C4-BC8A2F65BBAD}.Debug|iPhoneSimulator.Build.0 = Debug|iPhoneSimulator
		{DEF8BD82-3067-4C75-90C4-BC8A2F65BBAD}.Release|iPhoneSimulator.ActiveCfg = Release|iPhoneSimulator
		{DEF8BD82-3067-4C75-90C4-BC8A2F65BBAD}.Release|iPhoneSimulator.Build.0 = Release|iPhoneSimulator
		{DEF8BD82-3067-4C75-90C4-BC8A2F65BBAD}.Debug|iPhone.ActiveCfg = Debug|iPhone
		{DEF8BD82-3067-4C75-90C4-BC8A2F65BBAD}.Debug|iPhone.Build.0 = Debug|iPhone
		{DEF8BD82-3067-4C75-90C4-BC8A2F65BBAD}.Release|iPhone.ActiveCfg = Release|iPhone
		{DEF8BD82-3067-4C75-90C4-BC8A2F65BBAD}.Release|iPhone.Build.0 = Release|iPhone
		{BC5E8402-F03D-4AD0-819F-E1080764D7FC}.Debug|Any CPU.ActiveCfg = Debug|Any CPU
		{BC5E8402-F03D-4AD0-819F-E1080764D7FC}.Debug|Any CPU.Build.0 = Debug|Any CPU
		{BC5E8402-F03D-4AD0-819F-E1080764D7FC}.Release|Any CPU.ActiveCfg = Release|Any CPU
		{BC5E8402-F03D-4AD0-819F-E1080764D7FC}.Release|Any CPU.Build.0 = Release|Any CPU
		{BC5E8402-F03D-4AD0-819F-E1080764D7FC}.Debug|iPhoneSimulator.ActiveCfg = Debug|Any CPU
		{BC5E8402-F03D-4AD0-819F-E1080764D7FC}.Debug|iPhoneSimulator.Build.0 = Debug|Any CPU
		{BC5E8402-F03D-4AD0-819F-E1080764D7FC}.Release|iPhoneSimulator.ActiveCfg = Release|Any CPU
		{BC5E8402-F03D-4AD0-819F-E1080764D7FC}.Release|iPhoneSimulator.Build.0 = Release|Any CPU
		{BC5E8402-F03D-4AD0-819F-E1080764D7FC}.Debug|iPhone.ActiveCfg = Debug|Any CPU
		{BC5E8402-F03D-4AD0-819F-E1080764D7FC}.Debug|iPhone.Build.0 = Debug|Any CPU
		{BC5E8402-F03D-4AD0-819F-E1080764D7FC}.Release|iPhone.ActiveCfg = Release|Any CPU
		{BC5E8402-F03D-4AD0-819F-E1080764D7FC}.Release|iPhone.Build.0 = Release|Any CPU
	EndGlobalSection
EndGlobal
